// !$*UTF8*$!
{
	archiveVersion = 1;
	classes = {
	};
	objectVersion = 46;
	objects = {

/* Begin PBXBuildFile section */
		3DE384B91F6ED448004F8B7B /* iphone.jpg in Resources */ = {isa = PBXBuildFile; fileRef = 3DE384B81F6ED448004F8B7B /* iphone.jpg */; };
		3DE384BB1F6ED6D8004F8B7B /* logo_bg.png in Resources */ = {isa = PBXBuildFile; fileRef = 3DE384BA1F6ED6D8004F8B7B /* logo_bg.png */; };
		3DFAB4281F6E499D00255238 /* AppDelegate.swift in Sources */ = {isa = PBXBuildFile; fileRef = 3DFAB4271F6E499D00255238 /* AppDelegate.swift */; };
		3DFAB42A1F6E499D00255238 /* ViewController.swift in Sources */ = {isa = PBXBuildFile; fileRef = 3DFAB4291F6E499D00255238 /* ViewController.swift */; };
		3DFAB42D1F6E499D00255238 /* Main.storyboard in Resources */ = {isa = PBXBuildFile; fileRef = 3DFAB42B1F6E499D00255238 /* Main.storyboard */; };
		3DFAB4301F6E499D00255238 /* HomeOfficeBotApp.xcdatamodeld in Sources */ = {isa = PBXBuildFile; fileRef = 3DFAB42E1F6E499D00255238 /* HomeOfficeBotApp.xcdatamodeld */; };
		3DFAB4321F6E499D00255238 /* Assets.xcassets in Resources */ = {isa = PBXBuildFile; fileRef = 3DFAB4311F6E499D00255238 /* Assets.xcassets */; };
		3DFAB4351F6E499D00255238 /* LaunchScreen.storyboard in Resources */ = {isa = PBXBuildFile; fileRef = 3DFAB4331F6E499D00255238 /* LaunchScreen.storyboard */; };
		3DFAB4401F6E499E00255238 /* HomeOfficeBotAppTests.swift in Sources */ = {isa = PBXBuildFile; fileRef = 3DFAB43F1F6E499E00255238 /* HomeOfficeBotAppTests.swift */; };
		3DFAB44B1F6E499E00255238 /* HomeOfficeBotAppUITests.swift in Sources */ = {isa = PBXBuildFile; fileRef = 3DFAB44A1F6E499E00255238 /* HomeOfficeBotAppUITests.swift */; };
		3FC328CBB472BB7912C0A5B4 /* Pods_HomeOfficeBotAppTests.framework in Frameworks */ = {isa = PBXBuildFile; fileRef = BF5A1643442387D6255CB14A /* Pods_HomeOfficeBotAppTests.framework */; };
		43D1B847BCFCA0314246D548 /* Pods_HomeOfficeBotAppUITests.framework in Frameworks */ = {isa = PBXBuildFile; fileRef = ACB0DEE23C2BD64636FDC661 /* Pods_HomeOfficeBotAppUITests.framework */; };
		6AA2FD9B48B90EBC73F16153 /* Pods_HomeOfficeBotApp.framework in Frameworks */ = {isa = PBXBuildFile; fileRef = FA29E5CC9DCAA282F2CC9CF5 /* Pods_HomeOfficeBotApp.framework */; };
/* End PBXBuildFile section */

/* Begin PBXContainerItemProxy section */
		3DFAB43C1F6E499E00255238 /* PBXContainerItemProxy */ = {
			isa = PBXContainerItemProxy;
			containerPortal = 3DFAB41C1F6E499D00255238 /* Project object */;
			proxyType = 1;
			remoteGlobalIDString = 3DFAB4231F6E499D00255238;
			remoteInfo = HomeOfficeBotApp;
		};
		3DFAB4471F6E499E00255238 /* PBXContainerItemProxy */ = {
			isa = PBXContainerItemProxy;
			containerPortal = 3DFAB41C1F6E499D00255238 /* Project object */;
			proxyType = 1;
			remoteGlobalIDString = 3DFAB4231F6E499D00255238;
			remoteInfo = HomeOfficeBotApp;
		};
/* End PBXContainerItemProxy section */

/* Begin PBXFileReference section */
		3DE384B81F6ED448004F8B7B /* iphone.jpg */ = {isa = PBXFileReference; lastKnownFileType = image.jpeg; name = iphone.jpg; path = ../../iphone.jpg; sourceTree = "<group>"; };
		3DE384BA1F6ED6D8004F8B7B /* logo_bg.png */ = {isa = PBXFileReference; lastKnownFileType = image.png; name = logo_bg.png; path = ../../logo_bg.png; sourceTree = "<group>"; };
		3DFAB4241F6E499D00255238 /* HomeOfficeBotApp.app */ = {isa = PBXFileReference; explicitFileType = wrapper.application; includeInIndex = 0; path = HomeOfficeBotApp.app; sourceTree = BUILT_PRODUCTS_DIR; };
		3DFAB4271F6E499D00255238 /* AppDelegate.swift */ = {isa = PBXFileReference; lastKnownFileType = sourcecode.swift; path = AppDelegate.swift; sourceTree = "<group>"; };
		3DFAB4291F6E499D00255238 /* ViewController.swift */ = {isa = PBXFileReference; lastKnownFileType = sourcecode.swift; path = ViewController.swift; sourceTree = "<group>"; };
		3DFAB42C1F6E499D00255238 /* Base */ = {isa = PBXFileReference; lastKnownFileType = file.storyboard; name = Base; path = Base.lproj/Main.storyboard; sourceTree = "<group>"; };
		3DFAB42F1F6E499D00255238 /* HomeOfficeBotApp.xcdatamodel */ = {isa = PBXFileReference; lastKnownFileType = wrapper.xcdatamodel; path = HomeOfficeBotApp.xcdatamodel; sourceTree = "<group>"; };
		3DFAB4311F6E499D00255238 /* Assets.xcassets */ = {isa = PBXFileReference; lastKnownFileType = folder.assetcatalog; path = Assets.xcassets; sourceTree = "<group>"; };
		3DFAB4341F6E499D00255238 /* Base */ = {isa = PBXFileReference; lastKnownFileType = file.storyboard; name = Base; path = Base.lproj/LaunchScreen.storyboard; sourceTree = "<group>"; };
		3DFAB4361F6E499D00255238 /* Info.plist */ = {isa = PBXFileReference; lastKnownFileType = text.plist.xml; path = Info.plist; sourceTree = "<group>"; };
		3DFAB43B1F6E499E00255238 /* HomeOfficeBotAppTests.xctest */ = {isa = PBXFileReference; explicitFileType = wrapper.cfbundle; includeInIndex = 0; path = HomeOfficeBotAppTests.xctest; sourceTree = BUILT_PRODUCTS_DIR; };
		3DFAB43F1F6E499E00255238 /* HomeOfficeBotAppTests.swift */ = {isa = PBXFileReference; lastKnownFileType = sourcecode.swift; path = HomeOfficeBotAppTests.swift; sourceTree = "<group>"; };
		3DFAB4411F6E499E00255238 /* Info.plist */ = {isa = PBXFileReference; lastKnownFileType = text.plist.xml; path = Info.plist; sourceTree = "<group>"; };
		3DFAB4461F6E499E00255238 /* HomeOfficeBotAppUITests.xctest */ = {isa = PBXFileReference; explicitFileType = wrapper.cfbundle; includeInIndex = 0; path = HomeOfficeBotAppUITests.xctest; sourceTree = BUILT_PRODUCTS_DIR; };
		3DFAB44A1F6E499E00255238 /* HomeOfficeBotAppUITests.swift */ = {isa = PBXFileReference; lastKnownFileType = sourcecode.swift; path = HomeOfficeBotAppUITests.swift; sourceTree = "<group>"; };
		3DFAB44C1F6E499E00255238 /* Info.plist */ = {isa = PBXFileReference; lastKnownFileType = text.plist.xml; path = Info.plist; sourceTree = "<group>"; };
		3F653BD67F36A7EE37A4886F /* Pods-HomeOfficeBotAppUITests.debug.xcconfig */ = {isa = PBXFileReference; includeInIndex = 1; lastKnownFileType = text.xcconfig; name = "Pods-HomeOfficeBotAppUITests.debug.xcconfig"; path = "Pods/Target Support Files/Pods-HomeOfficeBotAppUITests/Pods-HomeOfficeBotAppUITests.debug.xcconfig"; sourceTree = "<group>"; };
		5C6FFB518ECDB5DB11FAAE05 /* Pods-HomeOfficeBotAppTests.release.xcconfig */ = {isa = PBXFileReference; includeInIndex = 1; lastKnownFileType = text.xcconfig; name = "Pods-HomeOfficeBotAppTests.release.xcconfig"; path = "Pods/Target Support Files/Pods-HomeOfficeBotAppTests/Pods-HomeOfficeBotAppTests.release.xcconfig"; sourceTree = "<group>"; };
		935ED750087A84070C780310 /* Pods-HomeOfficeBotApp.debug.xcconfig */ = {isa = PBXFileReference; includeInIndex = 1; lastKnownFileType = text.xcconfig; name = "Pods-HomeOfficeBotApp.debug.xcconfig"; path = "Pods/Target Support Files/Pods-HomeOfficeBotApp/Pods-HomeOfficeBotApp.debug.xcconfig"; sourceTree = "<group>"; };
		ACB0DEE23C2BD64636FDC661 /* Pods_HomeOfficeBotAppUITests.framework */ = {isa = PBXFileReference; explicitFileType = wrapper.framework; includeInIndex = 0; path = Pods_HomeOfficeBotAppUITests.framework; sourceTree = BUILT_PRODUCTS_DIR; };
		BF5A1643442387D6255CB14A /* Pods_HomeOfficeBotAppTests.framework */ = {isa = PBXFileReference; explicitFileType = wrapper.framework; includeInIndex = 0; path = Pods_HomeOfficeBotAppTests.framework; sourceTree = BUILT_PRODUCTS_DIR; };
		C953760EC3ABEF653129AC1D /* Pods-HomeOfficeBotAppUITests.release.xcconfig */ = {isa = PBXFileReference; includeInIndex = 1; lastKnownFileType = text.xcconfig; name = "Pods-HomeOfficeBotAppUITests.release.xcconfig"; path = "Pods/Target Support Files/Pods-HomeOfficeBotAppUITests/Pods-HomeOfficeBotAppUITests.release.xcconfig"; sourceTree = "<group>"; };
		D2C8FE4B2483C7AD706B9F41 /* Pods-HomeOfficeBotApp.release.xcconfig */ = {isa = PBXFileReference; includeInIndex = 1; lastKnownFileType = text.xcconfig; name = "Pods-HomeOfficeBotApp.release.xcconfig"; path = "Pods/Target Support Files/Pods-HomeOfficeBotApp/Pods-HomeOfficeBotApp.release.xcconfig"; sourceTree = "<group>"; };
		E7FDB7A1B128CDA1D6D2C01F /* Pods-HomeOfficeBotAppTests.debug.xcconfig */ = {isa = PBXFileReference; includeInIndex = 1; lastKnownFileType = text.xcconfig; name = "Pods-HomeOfficeBotAppTests.debug.xcconfig"; path = "Pods/Target Support Files/Pods-HomeOfficeBotAppTests/Pods-HomeOfficeBotAppTests.debug.xcconfig"; sourceTree = "<group>"; };
		FA29E5CC9DCAA282F2CC9CF5 /* Pods_HomeOfficeBotApp.framework */ = {isa = PBXFileReference; explicitFileType = wrapper.framework; includeInIndex = 0; path = Pods_HomeOfficeBotApp.framework; sourceTree = BUILT_PRODUCTS_DIR; };
/* End PBXFileReference section */

/* Begin PBXFrameworksBuildPhase section */
		3DFAB4211F6E499D00255238 /* Frameworks */ = {
			isa = PBXFrameworksBuildPhase;
			buildActionMask = 2147483647;
			files = (
				6AA2FD9B48B90EBC73F16153 /* Pods_HomeOfficeBotApp.framework in Frameworks */,
			);
			runOnlyForDeploymentPostprocessing = 0;
		};
		3DFAB4381F6E499E00255238 /* Frameworks */ = {
			isa = PBXFrameworksBuildPhase;
			buildActionMask = 2147483647;
			files = (
				3FC328CBB472BB7912C0A5B4 /* Pods_HomeOfficeBotAppTests.framework in Frameworks */,
			);
			runOnlyForDeploymentPostprocessing = 0;
		};
		3DFAB4431F6E499E00255238 /* Frameworks */ = {
			isa = PBXFrameworksBuildPhase;
			buildActionMask = 2147483647;
			files = (
				43D1B847BCFCA0314246D548 /* Pods_HomeOfficeBotAppUITests.framework in Frameworks */,
			);
			runOnlyForDeploymentPostprocessing = 0;
		};
/* End PBXFrameworksBuildPhase section */

/* Begin PBXGroup section */
		3DFAB41B1F6E499D00255238 = {
			isa = PBXGroup;
			children = (
				3DFAB4261F6E499D00255238 /* HomeOfficeBotApp */,
				3DFAB43E1F6E499E00255238 /* HomeOfficeBotAppTests */,
				3DFAB4491F6E499E00255238 /* HomeOfficeBotAppUITests */,
				3DFAB4251F6E499D00255238 /* Products */,
				AAAC31002C5735D6CDBD3AB7 /* Pods */,
				6E1131FFFB4352419EF6751C /* Frameworks */,
			);
			sourceTree = "<group>";
		};
		3DFAB4251F6E499D00255238 /* Products */ = {
			isa = PBXGroup;
			children = (
				3DFAB4241F6E499D00255238 /* HomeOfficeBotApp.app */,
				3DFAB43B1F6E499E00255238 /* HomeOfficeBotAppTests.xctest */,
				3DFAB4461F6E499E00255238 /* HomeOfficeBotAppUITests.xctest */,
			);
			name = Products;
			sourceTree = "<group>";
		};
		3DFAB4261F6E499D00255238 /* HomeOfficeBotApp */ = {
			isa = PBXGroup;
			children = (
				3DE384BA1F6ED6D8004F8B7B /* logo_bg.png */,
				3DE384B81F6ED448004F8B7B /* iphone.jpg */,
				3DFAB4271F6E499D00255238 /* AppDelegate.swift */,
				3DFAB4291F6E499D00255238 /* ViewController.swift */,
				3DFAB42B1F6E499D00255238 /* Main.storyboard */,
				3DFAB4311F6E499D00255238 /* Assets.xcassets */,
				3DFAB4331F6E499D00255238 /* LaunchScreen.storyboard */,
				3DFAB4361F6E499D00255238 /* Info.plist */,
				3DFAB42E1F6E499D00255238 /* HomeOfficeBotApp.xcdatamodeld */,
			);
			path = HomeOfficeBotApp;
			sourceTree = "<group>";
		};
		3DFAB43E1F6E499E00255238 /* HomeOfficeBotAppTests */ = {
			isa = PBXGroup;
			children = (
				3DFAB43F1F6E499E00255238 /* HomeOfficeBotAppTests.swift */,
				3DFAB4411F6E499E00255238 /* Info.plist */,
			);
			path = HomeOfficeBotAppTests;
			sourceTree = "<group>";
		};
		3DFAB4491F6E499E00255238 /* HomeOfficeBotAppUITests */ = {
			isa = PBXGroup;
			children = (
				3DFAB44A1F6E499E00255238 /* HomeOfficeBotAppUITests.swift */,
				3DFAB44C1F6E499E00255238 /* Info.plist */,
			);
			path = HomeOfficeBotAppUITests;
			sourceTree = "<group>";
		};
		6E1131FFFB4352419EF6751C /* Frameworks */ = {
			isa = PBXGroup;
			children = (
				FA29E5CC9DCAA282F2CC9CF5 /* Pods_HomeOfficeBotApp.framework */,
				BF5A1643442387D6255CB14A /* Pods_HomeOfficeBotAppTests.framework */,
				ACB0DEE23C2BD64636FDC661 /* Pods_HomeOfficeBotAppUITests.framework */,
			);
			name = Frameworks;
			sourceTree = "<group>";
		};
		AAAC31002C5735D6CDBD3AB7 /* Pods */ = {
			isa = PBXGroup;
			children = (
				935ED750087A84070C780310 /* Pods-HomeOfficeBotApp.debug.xcconfig */,
				D2C8FE4B2483C7AD706B9F41 /* Pods-HomeOfficeBotApp.release.xcconfig */,
				E7FDB7A1B128CDA1D6D2C01F /* Pods-HomeOfficeBotAppTests.debug.xcconfig */,
				5C6FFB518ECDB5DB11FAAE05 /* Pods-HomeOfficeBotAppTests.release.xcconfig */,
				3F653BD67F36A7EE37A4886F /* Pods-HomeOfficeBotAppUITests.debug.xcconfig */,
				C953760EC3ABEF653129AC1D /* Pods-HomeOfficeBotAppUITests.release.xcconfig */,
			);
			name = Pods;
			sourceTree = "<group>";
		};
/* End PBXGroup section */

/* Begin PBXNativeTarget section */
		3DFAB4231F6E499D00255238 /* HomeOfficeBotApp */ = {
			isa = PBXNativeTarget;
			buildConfigurationList = 3DFAB44F1F6E499E00255238 /* Build configuration list for PBXNativeTarget "HomeOfficeBotApp" */;
			buildPhases = (
				EF4F44A6A2CFADEF0439135B /* [CP] Check Pods Manifest.lock */,
				3DFAB4201F6E499D00255238 /* Sources */,
				3DFAB4211F6E499D00255238 /* Frameworks */,
				3DFAB4221F6E499D00255238 /* Resources */,
				DEAD26A89A52B294ACBAA7F3 /* [CP] Embed Pods Frameworks */,
				D947040677B088CD36F01881 /* [CP] Copy Pods Resources */,
			);
			buildRules = (
			);
			dependencies = (
			);
			name = HomeOfficeBotApp;
			productName = HomeOfficeBotApp;
			productReference = 3DFAB4241F6E499D00255238 /* HomeOfficeBotApp.app */;
			productType = "com.apple.product-type.application";
		};
		3DFAB43A1F6E499E00255238 /* HomeOfficeBotAppTests */ = {
			isa = PBXNativeTarget;
			buildConfigurationList = 3DFAB4521F6E499E00255238 /* Build configuration list for PBXNativeTarget "HomeOfficeBotAppTests" */;
			buildPhases = (
				9091FD8E205926913725562D /* [CP] Check Pods Manifest.lock */,
				3DFAB4371F6E499E00255238 /* Sources */,
				3DFAB4381F6E499E00255238 /* Frameworks */,
				3DFAB4391F6E499E00255238 /* Resources */,
				E207C83A41A85C78C7B80139 /* [CP] Embed Pods Frameworks */,
				E69DCC465B3553302271AAC5 /* [CP] Copy Pods Resources */,
			);
			buildRules = (
			);
			dependencies = (
				3DFAB43D1F6E499E00255238 /* PBXTargetDependency */,
			);
			name = HomeOfficeBotAppTests;
			productName = HomeOfficeBotAppTests;
			productReference = 3DFAB43B1F6E499E00255238 /* HomeOfficeBotAppTests.xctest */;
			productType = "com.apple.product-type.bundle.unit-test";
		};
		3DFAB4451F6E499E00255238 /* HomeOfficeBotAppUITests */ = {
			isa = PBXNativeTarget;
			buildConfigurationList = 3DFAB4551F6E499E00255238 /* Build configuration list for PBXNativeTarget "HomeOfficeBotAppUITests" */;
			buildPhases = (
				C1162E8590FCB39E266F5033 /* [CP] Check Pods Manifest.lock */,
				3DFAB4421F6E499E00255238 /* Sources */,
				3DFAB4431F6E499E00255238 /* Frameworks */,
				3DFAB4441F6E499E00255238 /* Resources */,
				E13C5E1B0A42768C9A293C4C /* [CP] Embed Pods Frameworks */,
				7CB681CB7180D2E94468E0C8 /* [CP] Copy Pods Resources */,
			);
			buildRules = (
			);
			dependencies = (
				3DFAB4481F6E499E00255238 /* PBXTargetDependency */,
			);
			name = HomeOfficeBotAppUITests;
			productName = HomeOfficeBotAppUITests;
			productReference = 3DFAB4461F6E499E00255238 /* HomeOfficeBotAppUITests.xctest */;
			productType = "com.apple.product-type.bundle.ui-testing";
		};
/* End PBXNativeTarget section */

/* Begin PBXProject section */
		3DFAB41C1F6E499D00255238 /* Project object */ = {
			isa = PBXProject;
			attributes = {
				LastSwiftUpdateCheck = 0830;
				LastUpgradeCheck = 0830;
				ORGANIZATIONNAME = carlogilmar;
				TargetAttributes = {
					3DFAB4231F6E499D00255238 = {
						CreatedOnToolsVersion = 8.3.3;
						ProvisioningStyle = Automatic;
					};
					3DFAB43A1F6E499E00255238 = {
						CreatedOnToolsVersion = 8.3.3;
						ProvisioningStyle = Automatic;
						TestTargetID = 3DFAB4231F6E499D00255238;
					};
					3DFAB4451F6E499E00255238 = {
						CreatedOnToolsVersion = 8.3.3;
						ProvisioningStyle = Automatic;
						TestTargetID = 3DFAB4231F6E499D00255238;
					};
				};
			};
			buildConfigurationList = 3DFAB41F1F6E499D00255238 /* Build configuration list for PBXProject "HomeOfficeBotApp" */;
			compatibilityVersion = "Xcode 3.2";
			developmentRegion = English;
			hasScannedForEncodings = 0;
			knownRegions = (
				en,
				Base,
			);
			mainGroup = 3DFAB41B1F6E499D00255238;
			productRefGroup = 3DFAB4251F6E499D00255238 /* Products */;
			projectDirPath = "";
			projectRoot = "";
			targets = (
				3DFAB4231F6E499D00255238 /* HomeOfficeBotApp */,
				3DFAB43A1F6E499E00255238 /* HomeOfficeBotAppTests */,
				3DFAB4451F6E499E00255238 /* HomeOfficeBotAppUITests */,
			);
		};
/* End PBXProject section */

/* Begin PBXResourcesBuildPhase section */
		3DFAB4221F6E499D00255238 /* Resources */ = {
			isa = PBXResourcesBuildPhase;
			buildActionMask = 2147483647;
			files = (
				3DE384B91F6ED448004F8B7B /* iphone.jpg in Resources */,
				3DE384BB1F6ED6D8004F8B7B /* logo_bg.png in Resources */,
				3DFAB4351F6E499D00255238 /* LaunchScreen.storyboard in Resources */,
				3DFAB4321F6E499D00255238 /* Assets.xcassets in Resources */,
				3DFAB42D1F6E499D00255238 /* Main.storyboard in Resources */,
			);
			runOnlyForDeploymentPostprocessing = 0;
		};
		3DFAB4391F6E499E00255238 /* Resources */ = {
			isa = PBXResourcesBuildPhase;
			buildActionMask = 2147483647;
			files = (
			);
			runOnlyForDeploymentPostprocessing = 0;
		};
		3DFAB4441F6E499E00255238 /* Resources */ = {
			isa = PBXResourcesBuildPhase;
			buildActionMask = 2147483647;
			files = (
			);
			runOnlyForDeploymentPostprocessing = 0;
		};
/* End PBXResourcesBuildPhase section */

/* Begin PBXShellScriptBuildPhase section */
		7CB681CB7180D2E94468E0C8 /* [CP] Copy Pods Resources */ = {
			isa = PBXShellScriptBuildPhase;
			buildActionMask = 2147483647;
			files = (
			);
			inputPaths = (
			);
			name = "[CP] Copy Pods Resources";
			outputPaths = (
			);
			runOnlyForDeploymentPostprocessing = 0;
			shellPath = /bin/sh;
			shellScript = "\"${SRCROOT}/Pods/Target Support Files/Pods-HomeOfficeBotAppUITests/Pods-HomeOfficeBotAppUITests-resources.sh\"\n";
			showEnvVarsInLog = 0;
		};
		9091FD8E205926913725562D /* [CP] Check Pods Manifest.lock */ = {
			isa = PBXShellScriptBuildPhase;
			buildActionMask = 2147483647;
			files = (
			);
			inputPaths = (
				"${PODS_PODFILE_DIR_PATH}/Podfile.lock",
				"${PODS_ROOT}/Manifest.lock",
			);
			name = "[CP] Check Pods Manifest.lock";
			outputPaths = (
				"$(DERIVED_FILE_DIR)/Pods-HomeOfficeBotAppTests-checkManifestLockResult.txt",
			);
			runOnlyForDeploymentPostprocessing = 0;
			shellPath = /bin/sh;
			shellScript = "diff \"${PODS_PODFILE_DIR_PATH}/Podfile.lock\" \"${PODS_ROOT}/Manifest.lock\" > /dev/null\nif [ $? != 0 ] ; then\n    # print error to STDERR\n    echo \"error: The sandbox is not in sync with the Podfile.lock. Run 'pod install' or update your CocoaPods installation.\" >&2\n    exit 1\nfi\n# This output is used by Xcode 'outputs' to avoid re-running this script phase.\necho \"SUCCESS\" > \"${SCRIPT_OUTPUT_FILE_0}\"\n";
			showEnvVarsInLog = 0;
		};
		C1162E8590FCB39E266F5033 /* [CP] Check Pods Manifest.lock */ = {
			isa = PBXShellScriptBuildPhase;
			buildActionMask = 2147483647;
			files = (
			);
			inputPaths = (
				"${PODS_PODFILE_DIR_PATH}/Podfile.lock",
				"${PODS_ROOT}/Manifest.lock",
			);
			name = "[CP] Check Pods Manifest.lock";
			outputPaths = (
				"$(DERIVED_FILE_DIR)/Pods-HomeOfficeBotAppUITests-checkManifestLockResult.txt",
			);
			runOnlyForDeploymentPostprocessing = 0;
			shellPath = /bin/sh;
			shellScript = "diff \"${PODS_PODFILE_DIR_PATH}/Podfile.lock\" \"${PODS_ROOT}/Manifest.lock\" > /dev/null\nif [ $? != 0 ] ; then\n    # print error to STDERR\n    echo \"error: The sandbox is not in sync with the Podfile.lock. Run 'pod install' or update your CocoaPods installation.\" >&2\n    exit 1\nfi\n# This output is used by Xcode 'outputs' to avoid re-running this script phase.\necho \"SUCCESS\" > \"${SCRIPT_OUTPUT_FILE_0}\"\n";
			showEnvVarsInLog = 0;
		};
		D947040677B088CD36F01881 /* [CP] Copy Pods Resources */ = {
			isa = PBXShellScriptBuildPhase;
			buildActionMask = 2147483647;
			files = (
			);
			inputPaths = (
			);
			name = "[CP] Copy Pods Resources";
			outputPaths = (
			);
			runOnlyForDeploymentPostprocessing = 0;
			shellPath = /bin/sh;
			shellScript = "\"${SRCROOT}/Pods/Target Support Files/Pods-HomeOfficeBotApp/Pods-HomeOfficeBotApp-resources.sh\"\n";
			showEnvVarsInLog = 0;
		};
		DEAD26A89A52B294ACBAA7F3 /* [CP] Embed Pods Frameworks */ = {
			isa = PBXShellScriptBuildPhase;
			buildActionMask = 2147483647;
			files = (
			);
			inputPaths = (
				"${SRCROOT}/Pods/Target Support Files/Pods-HomeOfficeBotApp/Pods-HomeOfficeBotApp-frameworks.sh",
				"${BUILT_PRODUCTS_DIR}/Alamofire/Alamofire.framework",
			);
			name = "[CP] Embed Pods Frameworks";
			outputPaths = (
				"${TARGET_BUILD_DIR}/${FRAMEWORKS_FOLDER_PATH}/Alamofire.framework",
			);
			runOnlyForDeploymentPostprocessing = 0;
			shellPath = /bin/sh;
			shellScript = "\"${SRCROOT}/Pods/Target Support Files/Pods-HomeOfficeBotApp/Pods-HomeOfficeBotApp-frameworks.sh\"\n";
			showEnvVarsInLog = 0;
		};
		E13C5E1B0A42768C9A293C4C /* [CP] Embed Pods Frameworks */ = {
			isa = PBXShellScriptBuildPhase;
			buildActionMask = 2147483647;
			files = (
			);
			inputPaths = (
			);
			name = "[CP] Embed Pods Frameworks";
			outputPaths = (
			);
			runOnlyForDeploymentPostprocessing = 0;
			shellPath = /bin/sh;
			shellScript = "\"${SRCROOT}/Pods/Target Support Files/Pods-HomeOfficeBotAppUITests/Pods-HomeOfficeBotAppUITests-frameworks.sh\"\n";
			showEnvVarsInLog = 0;
		};
		E207C83A41A85C78C7B80139 /* [CP] Embed Pods Frameworks */ = {
			isa = PBXShellScriptBuildPhase;
			buildActionMask = 2147483647;
			files = (
			);
			inputPaths = (
			);
			name = "[CP] Embed Pods Frameworks";
			outputPaths = (
			);
			runOnlyForDeploymentPostprocessing = 0;
			shellPath = /bin/sh;
			shellScript = "\"${SRCROOT}/Pods/Target Support Files/Pods-HomeOfficeBotAppTests/Pods-HomeOfficeBotAppTests-frameworks.sh\"\n";
			showEnvVarsInLog = 0;
		};
		E69DCC465B3553302271AAC5 /* [CP] Copy Pods Resources */ = {
			isa = PBXShellScriptBuildPhase;
			buildActionMask = 2147483647;
			files = (
			);
			inputPaths = (
			);
			name = "[CP] Copy Pods Resources";
			outputPaths = (
			);
			runOnlyForDeploymentPostprocessing = 0;
			shellPath = /bin/sh;
			shellScript = "\"${SRCROOT}/Pods/Target Support Files/Pods-HomeOfficeBotAppTests/Pods-HomeOfficeBotAppTests-resources.sh\"\n";
			showEnvVarsInLog = 0;
		};
		EF4F44A6A2CFADEF0439135B /* [CP] Check Pods Manifest.lock */ = {
			isa = PBXShellScriptBuildPhase;
			buildActionMask = 2147483647;
			files = (
			);
			inputPaths = (
				"${PODS_PODFILE_DIR_PATH}/Podfile.lock",
				"${PODS_ROOT}/Manifest.lock",
			);
			name = "[CP] Check Pods Manifest.lock";
			outputPaths = (
				"$(DERIVED_FILE_DIR)/Pods-HomeOfficeBotApp-checkManifestLockResult.txt",
			);
			runOnlyForDeploymentPostprocessing = 0;
			shellPath = /bin/sh;
			shellScript = "diff \"${PODS_PODFILE_DIR_PATH}/Podfile.lock\" \"${PODS_ROOT}/Manifest.lock\" > /dev/null\nif [ $? != 0 ] ; then\n    # print error to STDERR\n    echo \"error: The sandbox is not in sync with the Podfile.lock. Run 'pod install' or update your CocoaPods installation.\" >&2\n    exit 1\nfi\n# This output is used by Xcode 'outputs' to avoid re-running this script phase.\necho \"SUCCESS\" > \"${SCRIPT_OUTPUT_FILE_0}\"\n";
			showEnvVarsInLog = 0;
		};
/* End PBXShellScriptBuildPhase section */

/* Begin PBXSourcesBuildPhase section */
		3DFAB4201F6E499D00255238 /* Sources */ = {
			isa = PBXSourcesBuildPhase;
			buildActionMask = 2147483647;
			files = (
				3DFAB42A1F6E499D00255238 /* ViewController.swift in Sources */,
				3DFAB4281F6E499D00255238 /* AppDelegate.swift in Sources */,
				3DFAB4301F6E499D00255238 /* HomeOfficeBotApp.xcdatamodeld in Sources */,
			);
			runOnlyForDeploymentPostprocessing = 0;
		};
		3DFAB4371F6E499E00255238 /* Sources */ = {
			isa = PBXSourcesBuildPhase;
			buildActionMask = 2147483647;
			files = (
				3DFAB4401F6E499E00255238 /* HomeOfficeBotAppTests.swift in Sources */,
			);
			runOnlyForDeploymentPostprocessing = 0;
		};
		3DFAB4421F6E499E00255238 /* Sources */ = {
			isa = PBXSourcesBuildPhase;
			buildActionMask = 2147483647;
			files = (
				3DFAB44B1F6E499E00255238 /* HomeOfficeBotAppUITests.swift in Sources */,
			);
			runOnlyForDeploymentPostprocessing = 0;
		};
/* End PBXSourcesBuildPhase section */

/* Begin PBXTargetDependency section */
		3DFAB43D1F6E499E00255238 /* PBXTargetDependency */ = {
			isa = PBXTargetDependency;
			target = 3DFAB4231F6E499D00255238 /* HomeOfficeBotApp */;
			targetProxy = 3DFAB43C1F6E499E00255238 /* PBXContainerItemProxy */;
		};
		3DFAB4481F6E499E00255238 /* PBXTargetDependency */ = {
			isa = PBXTargetDependency;
			target = 3DFAB4231F6E499D00255238 /* HomeOfficeBotApp */;
			targetProxy = 3DFAB4471F6E499E00255238 /* PBXContainerItemProxy */;
		};
/* End PBXTargetDependency section */

/* Begin PBXVariantGroup section */
		3DFAB42B1F6E499D00255238 /* Main.storyboard */ = {
			isa = PBXVariantGroup;
			children = (
				3DFAB42C1F6E499D00255238 /* Base */,
			);
			name = Main.storyboard;
			sourceTree = "<group>";
		};
		3DFAB4331F6E499D00255238 /* LaunchScreen.storyboard */ = {
			isa = PBXVariantGroup;
			children = (
				3DFAB4341F6E499D00255238 /* Base */,
			);
			name = LaunchScreen.storyboard;
			sourceTree = "<group>";
		};
/* End PBXVariantGroup section */

/* Begin XCBuildConfiguration section */
		3DFAB44D1F6E499E00255238 /* Debug */ = {
			isa = XCBuildConfiguration;
			buildSettings = {
				ALWAYS_SEARCH_USER_PATHS = NO;
				CLANG_ANALYZER_NONNULL = YES;
				CLANG_ANALYZER_NUMBER_OBJECT_CONVERSION = YES_AGGRESSIVE;
				CLANG_CXX_LANGUAGE_STANDARD = "gnu++0x";
				CLANG_CXX_LIBRARY = "libc++";
				CLANG_ENABLE_MODULES = YES;
				CLANG_ENABLE_OBJC_ARC = YES;
				CLANG_WARN_BOOL_CONVERSION = YES;
				CLANG_WARN_CONSTANT_CONVERSION = YES;
				CLANG_WARN_DIRECT_OBJC_ISA_USAGE = YES_ERROR;
				CLANG_WARN_DOCUMENTATION_COMMENTS = YES;
				CLANG_WARN_EMPTY_BODY = YES;
				CLANG_WARN_ENUM_CONVERSION = YES;
				CLANG_WARN_INFINITE_RECURSION = YES;
				CLANG_WARN_INT_CONVERSION = YES;
				CLANG_WARN_OBJC_ROOT_CLASS = YES_ERROR;
				CLANG_WARN_SUSPICIOUS_MOVE = YES;
				CLANG_WARN_UNREACHABLE_CODE = YES;
				CLANG_WARN__DUPLICATE_METHOD_MATCH = YES;
				"CODE_SIGN_IDENTITY[sdk=iphoneos*]" = "iPhone Developer";
				COPY_PHASE_STRIP = NO;
				DEBUG_INFORMATION_FORMAT = dwarf;
				ENABLE_STRICT_OBJC_MSGSEND = YES;
				ENABLE_TESTABILITY = YES;
				GCC_C_LANGUAGE_STANDARD = gnu99;
				GCC_DYNAMIC_NO_PIC = NO;
				GCC_NO_COMMON_BLOCKS = YES;
				GCC_OPTIMIZATION_LEVEL = 0;
				GCC_PREPROCESSOR_DEFINITIONS = (
					"DEBUG=1",
					"$(inherited)",
				);
				GCC_WARN_64_TO_32_BIT_CONVERSION = YES;
				GCC_WARN_ABOUT_RETURN_TYPE = YES_ERROR;
				GCC_WARN_UNDECLARED_SELECTOR = YES;
				GCC_WARN_UNINITIALIZED_AUTOS = YES_AGGRESSIVE;
				GCC_WARN_UNUSED_FUNCTION = YES;
				GCC_WARN_UNUSED_VARIABLE = YES;
				IPHONEOS_DEPLOYMENT_TARGET = 10.3;
				MTL_ENABLE_DEBUG_INFO = YES;
				ONLY_ACTIVE_ARCH = YES;
				SDKROOT = iphoneos;
				SWIFT_ACTIVE_COMPILATION_CONDITIONS = DEBUG;
				SWIFT_OPTIMIZATION_LEVEL = "-Onone";
				TARGETED_DEVICE_FAMILY = "1,2";
			};
			name = Debug;
		};
		3DFAB44E1F6E499E00255238 /* Release */ = {
			isa = XCBuildConfiguration;
			buildSettings = {
				ALWAYS_SEARCH_USER_PATHS = NO;
				CLANG_ANALYZER_NONNULL = YES;
				CLANG_ANALYZER_NUMBER_OBJECT_CONVERSION = YES_AGGRESSIVE;
				CLANG_CXX_LANGUAGE_STANDARD = "gnu++0x";
				CLANG_CXX_LIBRARY = "libc++";
				CLANG_ENABLE_MODULES = YES;
				CLANG_ENABLE_OBJC_ARC = YES;
				CLANG_WARN_BOOL_CONVERSION = YES;
				CLANG_WARN_CONSTANT_CONVERSION = YES;
				CLANG_WARN_DIRECT_OBJC_ISA_USAGE = YES_ERROR;
				CLANG_WARN_DOCUMENTATION_COMMENTS = YES;
				CLANG_WARN_EMPTY_BODY = YES;
				CLANG_WARN_ENUM_CONVERSION = YES;
				CLANG_WARN_INFINITE_RECURSION = YES;
				CLANG_WARN_INT_CONVERSION = YES;
				CLANG_WARN_OBJC_ROOT_CLASS = YES_ERROR;
				CLANG_WARN_SUSPICIOUS_MOVE = YES;
				CLANG_WARN_UNREACHABLE_CODE = YES;
				CLANG_WARN__DUPLICATE_METHOD_MATCH = YES;
				"CODE_SIGN_IDENTITY[sdk=iphoneos*]" = "iPhone Developer";
				COPY_PHASE_STRIP = NO;
				DEBUG_INFORMATION_FORMAT = "dwarf-with-dsym";
				ENABLE_NS_ASSERTIONS = NO;
				ENABLE_STRICT_OBJC_MSGSEND = YES;
				GCC_C_LANGUAGE_STANDARD = gnu99;
				GCC_NO_COMMON_BLOCKS = YES;
				GCC_WARN_64_TO_32_BIT_CONVERSION = YES;
				GCC_WARN_ABOUT_RETURN_TYPE = YES_ERROR;
				GCC_WARN_UNDECLARED_SELECTOR = YES;
				GCC_WARN_UNINITIALIZED_AUTOS = YES_AGGRESSIVE;
				GCC_WARN_UNUSED_FUNCTION = YES;
				GCC_WARN_UNUSED_VARIABLE = YES;
				IPHONEOS_DEPLOYMENT_TARGET = 10.3;
				MTL_ENABLE_DEBUG_INFO = NO;
				SDKROOT = iphoneos;
				SWIFT_OPTIMIZATION_LEVEL = "-Owholemodule";
				TARGETED_DEVICE_FAMILY = "1,2";
				VALIDATE_PRODUCT = YES;
			};
			name = Release;
		};
		3DFAB4501F6E499E00255238 /* Debug */ = {
			isa = XCBuildConfiguration;
			baseConfigurationReference = 935ED750087A84070C780310 /* Pods-HomeOfficeBotApp.debug.xcconfig */;
			buildSettings = {
				ASSETCATALOG_COMPILER_APPICON_NAME = AppIcon;
				INFOPLIST_FILE = HomeOfficeBotApp/Info.plist;
				LD_RUNPATH_SEARCH_PATHS = "$(inherited) @executable_path/Frameworks";
				PRODUCT_BUNDLE_IDENTIFIER = com.carlogilmar.HomeOfficeBotApp;
				PRODUCT_NAME = "$(TARGET_NAME)";
				SWIFT_VERSION = 3.0;
			};
			name = Debug;
		};
		3DFAB4511F6E499E00255238 /* Release */ = {
			isa = XCBuildConfiguration;
			baseConfigurationReference = D2C8FE4B2483C7AD706B9F41 /* Pods-HomeOfficeBotApp.release.xcconfig */;
			buildSettings = {
				ASSETCATALOG_COMPILER_APPICON_NAME = AppIcon;
				INFOPLIST_FILE = HomeOfficeBotApp/Info.plist;
				LD_RUNPATH_SEARCH_PATHS = "$(inherited) @executable_path/Frameworks";
				PRODUCT_BUNDLE_IDENTIFIER = com.carlogilmar.HomeOfficeBotApp;
				PRODUCT_NAME = "$(TARGET_NAME)";
				SWIFT_VERSION = 3.0;
			};
			name = Release;
		};
		3DFAB4531F6E499E00255238 /* Debug */ = {
			isa = XCBuildConfiguration;
			baseConfigurationReference = E7FDB7A1B128CDA1D6D2C01F /* Pods-HomeOfficeBotAppTests.debug.xcconfig */;
			buildSettings = {
				ALWAYS_EMBED_SWIFT_STANDARD_LIBRARIES = YES;
				BUNDLE_LOADER = "$(TEST_HOST)";
				INFOPLIST_FILE = HomeOfficeBotAppTests/Info.plist;
				LD_RUNPATH_SEARCH_PATHS = "$(inherited) @executable_path/Frameworks @loader_path/Frameworks";
				PRODUCT_BUNDLE_IDENTIFIER = com.carlogilmar.HomeOfficeBotAppTests;
				PRODUCT_NAME = "$(TARGET_NAME)";
				SWIFT_VERSION = 3.0;
				TEST_HOST = "$(BUILT_PRODUCTS_DIR)/HomeOfficeBotApp.app/HomeOfficeBotApp";
			};
			name = Debug;
		};
		3DFAB4541F6E499E00255238 /* Release */ = {
			isa = XCBuildConfiguration;
			baseConfigurationReference = 5C6FFB518ECDB5DB11FAAE05 /* Pods-HomeOfficeBotAppTests.release.xcconfig */;
			buildSettings = {
				ALWAYS_EMBED_SWIFT_STANDARD_LIBRARIES = YES;
				BUNDLE_LOADER = "$(TEST_HOST)";
				INFOPLIST_FILE = HomeOfficeBotAppTests/Info.plist;
				LD_RUNPATH_SEARCH_PATHS = "$(inherited) @executable_path/Frameworks @loader_path/Frameworks";
				PRODUCT_BUNDLE_IDENTIFIER = com.carlogilmar.HomeOfficeBotAppTests;
				PRODUCT_NAME = "$(TARGET_NAME)";
				SWIFT_VERSION = 3.0;
				TEST_HOST = "$(BUILT_PRODUCTS_DIR)/HomeOfficeBotApp.app/HomeOfficeBotApp";
			};
			name = Release;
		};
		3DFAB4561F6E499E00255238 /* Debug */ = {
			isa = XCBuildConfiguration;
			baseConfigurationReference = 3F653BD67F36A7EE37A4886F /* Pods-HomeOfficeBotAppUITests.debug.xcconfig */;
			buildSettings = {
				ALWAYS_EMBED_SWIFT_STANDARD_LIBRARIES = YES;
				INFOPLIST_FILE = HomeOfficeBotAppUITests/Info.plist;
				LD_RUNPATH_SEARCH_PATHS = "$(inherited) @executable_path/Frameworks @loader_path/Frameworks";
				PRODUCT_BUNDLE_IDENTIFIER = com.carlogilmar.HomeOfficeBotAppUITests;
				PRODUCT_NAME = "$(TARGET_NAME)";
				SWIFT_VERSION = 3.0;
				TEST_TARGET_NAME = HomeOfficeBotApp;
			};
			name = Debug;
		};
		3DFAB4571F6E499E00255238 /* Release */ = {
			isa = XCBuildConfiguration;
			baseConfigurationReference = C953760EC3ABEF653129AC1D /* Pods-HomeOfficeBotAppUITests.release.xcconfig */;
			buildSettings = {
				ALWAYS_EMBED_SWIFT_STANDARD_LIBRARIES = YES;
				INFOPLIST_FILE = HomeOfficeBotAppUITests/Info.plist;
				LD_RUNPATH_SEARCH_PATHS = "$(inherited) @executable_path/Frameworks @loader_path/Frameworks";
				PRODUCT_BUNDLE_IDENTIFIER = com.carlogilmar.HomeOfficeBotAppUITests;
				PRODUCT_NAME = "$(TARGET_NAME)";
				SWIFT_VERSION = 3.0;
				TEST_TARGET_NAME = HomeOfficeBotApp;
			};
			name = Release;
		};
/* End XCBuildConfiguration section */

/* Begin XCConfigurationList section */
		3DFAB41F1F6E499D00255238 /* Build configuration list for PBXProject "HomeOfficeBotApp" */ = {
			isa = XCConfigurationList;
			buildConfigurations = (
				3DFAB44D1F6E499E00255238 /* Debug */,
				3DFAB44E1F6E499E00255238 /* Release */,
			);
			defaultConfigurationIsVisible = 0;
			defaultConfigurationName = Release;
		};
		3DFAB44F1F6E499E00255238 /* Build configuration list for PBXNativeTarget "HomeOfficeBotApp" */ = {
			isa = XCConfigurationList;
			buildConfigurations = (
				3DFAB4501F6E499E00255238 /* Debug */,
				3DFAB4511F6E499E00255238 /* Release */,
			);
			defaultConfigurationIsVisible = 0;
			defaultConfigurationName = Release;
		};
		3DFAB4521F6E499E00255238 /* Build configuration list for PBXNativeTarget "HomeOfficeBotAppTests" */ = {
			isa = XCConfigurationList;
			buildConfigurations = (
				3DFAB4531F6E499E00255238 /* Debug */,
				3DFAB4541F6E499E00255238 /* Release */,
			);
			defaultConfigurationIsVisible = 0;
			defaultConfigurationName = Release;
		};
		3DFAB4551F6E499E00255238 /* Build configuration list for PBXNativeTarget "HomeOfficeBotAppUITests" */ = {
			isa = XCConfigurationList;
			buildConfigurations = (
				3DFAB4561F6E499E00255238 /* Debug */,
				3DFAB4571F6E499E00255238 /* Release */,
			);
			defaultConfigurationIsVisible = 0;
			defaultConfigurationName = Release;
		};
/* End XCConfigurationList section */

/* Begin XCVersionGroup section */
		3DFAB42E1F6E499D00255238 /* HomeOfficeBotApp.xcdatamodeld */ = {
			isa = XCVersionGroup;
			children = (
				3DFAB42F1F6E499D00255238 /* HomeOfficeBotApp.xcdatamodel */,
			);
			currentVersion = 3DFAB42F1F6E499D00255238 /* HomeOfficeBotApp.xcdatamodel */;
			path = HomeOfficeBotApp.xcdatamodeld;
			sourceTree = "<group>";
			versionGroupType = wrapper.xcdatamodel;
		};
/* End XCVersionGroup section */
	};
	rootObject = 3DFAB41C1F6E499D00255238 /* Project object */;
}
